
Microsoft Visual Studio Solution File, Format Version 12.00
# Visual Studio 14
VisualStudioVersion = 14.0.25420.1
MinimumVisualStudioVersion = 10.0.40219.1
Project("{FAE04EC0-301F-11D3-BF4B-00C04F79EFBC}") = "Monitor.Models", "Monitor.Models\Monitor.Models.csproj", "{3473C376-FA0F-4D20-BBAC-EFA70DE8D4E3}"
EndProject
Project("{FAE04EC0-301F-11D3-BF4B-00C04F79EFBC}") = "Monitor.Core", "Monitor.Core\Monitor.Core.csproj", "{ACFDCC42-77DF-4F44-80D1-4308B848EF82}"
EndProject
Project("{FAE04EC0-301F-11D3-BF4B-00C04F79EFBC}") = "Test", "Test\Test.csproj", "{B2E875C1-44A7-484A-98FE-600F1F4C1E6C}"
EndProject
Project("{FAE04EC0-301F-11D3-BF4B-00C04F79EFBC}") = "Monitor.Services", "Monitor.Services\Monitor.Services.csproj", "{3394036C-CBF9-46B1-AEF4-39E6C1C60B28}"
EndProject
Project("{FAE04EC0-301F-11D3-BF4B-00C04F79EFBC}") = "Monitor.Data", "Monitor.Data\Monitor.Data.csproj", "{2BF64425-3ECF-437C-9593-96BBC8198DD9}"
EndProject
Project("{2150E333-8FDC-42A3-9474-1A3956D46DE8}") = "Windows性能监视器服务", "Windows性能监视器服务", "{3930F58A-0EA8-4876-8C88-08D7759A3D20}"
EndProject
Project("{2150E333-8FDC-42A3-9474-1A3956D46DE8}") = "Web客户端监控中心", "Web客户端监控中心", "{F0330DEF-5FF9-4BAC-9C51-8F09C4D94077}"
EndProject
Project("{FAE04EC0-301F-11D3-BF4B-00C04F79EFBC}") = "Monitor.Web.Tests", "Monitor.Web.Tests\Monitor.Web.Tests.csproj", "{12832118-FA4A-4928-8C42-F15765D8D55F}"
EndProject
Project("{2150E333-8FDC-42A3-9474-1A3956D46DE8}") = "Web请求监控SDK", "Web请求监控SDK", "{0F7B4629-02FA-4DBE-A25B-A2A759FEB2B0}"
EndProject
Project("{FAE04EC0-301F-11D3-BF4B-00C04F79EFBC}") = "Monitor.Windows.Server", "Monitor.Windows.Server\Monitor.Windows.Server.csproj", "{7FC58C9E-C3D8-4079-B8DD-F5CC0219B5C2}"
EndProject
Project("{FAE04EC0-301F-11D3-BF4B-00C04F79EFBC}") = "Monitor.Watch", "Monitor.Watch\Monitor.Watch.csproj", "{6B9A16E5-259C-4F30-98B8-B0B7E84056BA}"
EndProject
Project("{FAE04EC0-301F-11D3-BF4B-00C04F79EFBC}") = "Monitor.Web", "Monitor.Web\Monitor.Web.csproj", "{BE2A9F6D-1968-4195-B021-878E53CA993E}"
EndProject
Global
	GlobalSection(SolutionConfigurationPlatforms) = preSolution
		Debug|Any CPU = Debug|Any CPU
		Release|Any CPU = Release|Any CPU
	EndGlobalSection
	GlobalSection(ProjectConfigurationPlatforms) = postSolution
		{3473C376-FA0F-4D20-BBAC-EFA70DE8D4E3}.Debug|Any CPU.ActiveCfg = Debug|Any CPU
		{3473C376-FA0F-4D20-BBAC-EFA70DE8D4E3}.Debug|Any CPU.Build.0 = Debug|Any CPU
		{3473C376-FA0F-4D20-BBAC-EFA70DE8D4E3}.Release|Any CPU.ActiveCfg = Release|Any CPU
		{3473C376-FA0F-4D20-BBAC-EFA70DE8D4E3}.Release|Any CPU.Build.0 = Release|Any CPU
		{ACFDCC42-77DF-4F44-80D1-4308B848EF82}.Debug|Any CPU.ActiveCfg = Debug|Any CPU
		{ACFDCC42-77DF-4F44-80D1-4308B848EF82}.Debug|Any CPU.Build.0 = Debug|Any CPU
		{ACFDCC42-77DF-4F44-80D1-4308B848EF82}.Release|Any CPU.ActiveCfg = Release|Any CPU
		{ACFDCC42-77DF-4F44-80D1-4308B848EF82}.Release|Any CPU.Build.0 = Release|Any CPU
		{B2E875C1-44A7-484A-98FE-600F1F4C1E6C}.Debug|Any CPU.ActiveCfg = Debug|Any CPU
		{B2E875C1-44A7-484A-98FE-600F1F4C1E6C}.Debug|Any CPU.Build.0 = Debug|Any CPU
		{B2E875C1-44A7-484A-98FE-600F1F4C1E6C}.Release|Any CPU.ActiveCfg = Release|Any CPU
		{B2E875C1-44A7-484A-98FE-600F1F4C1E6C}.Release|Any CPU.Build.0 = Release|Any CPU
		{3394036C-CBF9-46B1-AEF4-39E6C1C60B28}.Debug|Any CPU.ActiveCfg = Debug|Any CPU
		{3394036C-CBF9-46B1-AEF4-39E6C1C60B28}.Debug|Any CPU.Build.0 = Debug|Any CPU
		{3394036C-CBF9-46B1-AEF4-39E6C1C60B28}.Release|Any CPU.ActiveCfg = Release|Any CPU
		{3394036C-CBF9-46B1-AEF4-39E6C1C60B28}.Release|Any CPU.Build.0 = Release|Any CPU
		{2BF64425-3ECF-437C-9593-96BBC8198DD9}.Debug|Any CPU.ActiveCfg = Debug|Any CPU
		{2BF64425-3ECF-437C-9593-96BBC8198DD9}.Debug|Any CPU.Build.0 = Debug|Any CPU
		{2BF64425-3ECF-437C-9593-96BBC8198DD9}.Release|Any CPU.ActiveCfg = Release|Any CPU
		{2BF64425-3ECF-437C-9593-96BBC8198DD9}.Release|Any CPU.Build.0 = Release|Any CPU
		{12832118-FA4A-4928-8C42-F15765D8D55F}.Debug|Any CPU.ActiveCfg = Debug|Any CPU
		{12832118-FA4A-4928-8C42-F15765D8D55F}.Debug|Any CPU.Build.0 = Debug|Any CPU
		{12832118-FA4A-4928-8C42-F15765D8D55F}.Release|Any CPU.ActiveCfg = Release|Any CPU
		{12832118-FA4A-4928-8C42-F15765D8D55F}.Release|Any CPU.Build.0 = Release|Any CPU
		{7FC58C9E-C3D8-4079-B8DD-F5CC0219B5C2}.Debug|Any CPU.ActiveCfg = Debug|Any CPU
		{7FC58C9E-C3D8-4079-B8DD-F5CC0219B5C2}.Debug|Any CPU.Build.0 = Debug|Any CPU
		{7FC58C9E-C3D8-4079-B8DD-F5CC0219B5C2}.Release|Any CPU.ActiveCfg = Release|Any CPU
		{7FC58C9E-C3D8-4079-B8DD-F5CC0219B5C2}.Release|Any CPU.Build.0 = Release|Any CPU
		{6B9A16E5-259C-4F30-98B8-B0B7E84056BA}.Debug|Any CPU.ActiveCfg = Debug|Any CPU
		{6B9A16E5-259C-4F30-98B8-B0B7E84056BA}.Debug|Any CPU.Build.0 = Debug|Any CPU
		{6B9A16E5-259C-4F30-98B8-B0B7E84056BA}.Release|Any CPU.ActiveCfg = Release|Any CPU
		{6B9A16E5-259C-4F30-98B8-B0B7E84056BA}.Release|Any CPU.Build.0 = Release|Any CPU
		{BE2A9F6D-1968-4195-B021-878E53CA993E}.Debug|Any CPU.ActiveCfg = Debug|Any CPU
		{BE2A9F6D-1968-4195-B021-878E53CA993E}.Debug|Any CPU.Build.0 = Debug|Any CPU
		{BE2A9F6D-1968-4195-B021-878E53CA993E}.Release|Any CPU.ActiveCfg = Release|Any CPU
		{BE2A9F6D-1968-4195-B021-878E53CA993E}.Release|Any CPU.Build.0 = Release|Any CPU
	EndGlobalSection
	GlobalSection(SolutionProperties) = preSolution
		HideSolutionNode = FALSE
	EndGlobalSection
	GlobalSection(NestedProjects) = preSolution
		{12832118-FA4A-4928-8C42-F15765D8D55F} = {0F7B4629-02FA-4DBE-A25B-A2A759FEB2B0}
		{7FC58C9E-C3D8-4079-B8DD-F5CC0219B5C2} = {3930F58A-0EA8-4876-8C88-08D7759A3D20}
		{6B9A16E5-259C-4F30-98B8-B0B7E84056BA} = {0F7B4629-02FA-4DBE-A25B-A2A759FEB2B0}
		{BE2A9F6D-1968-4195-B021-878E53CA993E} = {F0330DEF-5FF9-4BAC-9C51-8F09C4D94077}
	EndGlobalSection
EndGlobal
